
Microsoft Visual Studio Solution File, Format Version 12.00
# Visual Studio Version 17
VisualStudioVersion = 17.14.37301.10 d17.14
MinimumVisualStudioVersion = 10.0.40219.1
Project("{FAE04EC0-301F-11D3-BF4B-00C04F79EFBC}") = "ProjectTemplate1", "ProjectTemplate1.csproj", "{A6213A42-CE90-4C14-B23E-0064A0825918}"
EndProject
Global
	GlobalSection(SolutionConfigurationPlatforms) = preSolution
		Debug|Any CPU = Debug|Any CPU
		Debug|arm64 = Debug|arm64
		Debug|x86 = Debug|x86
		Release|Any CPU = Release|Any CPU
		Release|arm64 = Release|arm64
		Release|x86 = Release|x86
	EndGlobalSection
	GlobalSection(ProjectConfigurationPlatforms) = postSolution
		{A6213A42-CE90-4C14-B23E-0064A0825918}.Debug|Any CPU.ActiveCfg = Debug|Any CPU
		{A6213A42-CE90-4C14-B23E-0064A0825918}.Debug|Any CPU.Build.0 = Debug|Any CPU
		{A6213A42-CE90-4C14-B23E-0064A0825918}.Debug|arm64.ActiveCfg = Debug|arm64
		{A6213A42-CE90-4C14-B23E-0064A0825918}.Debug|arm64.Build.0 = Debug|arm64
		{A6213A42-CE90-4C14-B23E-0064A0825918}.Debug|x86.ActiveCfg = Debug|x86
		{A6213A42-CE90-4C14-B23E-0064A0825918}.Debug|x86.Build.0 = Debug|x86
		{A6213A42-CE90-4C14-B23E-0064A0825918}.Release|Any CPU.ActiveCfg = Release|Any CPU
		{A6213A42-CE90-4C14-B23E-0064A0825918}.Release|Any CPU.Build.0 = Release|Any CPU
		{A6213A42-CE90-4C14-B23E-0064A0825918}.Release|arm64.ActiveCfg = Release|arm64
		{A6213A42-CE90-4C14-B23E-0064A0825918}.Release|arm64.Build.0 = Release|arm64
		{A6213A42-CE90-4C14-B23E-0064A0825918}.Release|x86.ActiveCfg = Release|x86
		{A6213A42-CE90-4C14-B23E-0064A0825918}.Release|x86.Build.0 = Release|x86
	EndGlobalSection
	GlobalSection(SolutionProperties) = preSolution
		HideSolutionNode = FALSE
	EndGlobalSection
	GlobalSection(ExtensibilityGlobals) = postSolution
		SolutionGuid = {4944ABE9-B8F2-462F-9D6A-07E809EF7F4D}
	EndGlobalSection
EndGlobal
