
Microsoft Visual Studio Solution File, Format Version 12.00
# Visual Studio Version 17
VisualStudioVersion = 17.14.37301.10 d17.14
MinimumVisualStudioVersion = 10.0.40219.1
Project("{FAE04EC0-301F-11D3-BF4B-00C04F79EFBC}") = "ClinicaMedica", "ClinicaMedica.csproj", "{F79DE5B6-49A3-42A8-8764-888173D8A77F}"
EndProject
Global
	GlobalSection(SolutionConfigurationPlatforms) = preSolution
		Debug|Any CPU = Debug|Any CPU
		Release|Any CPU = Release|Any CPU
	EndGlobalSection
	GlobalSection(ProjectConfigurationPlatforms) = postSolution
		{F79DE5B6-49A3-42A8-8764-888173D8A77F}.Debug|Any CPU.ActiveCfg = Debug|Any CPU
		{F79DE5B6-49A3-42A8-8764-888173D8A77F}.Debug|Any CPU.Build.0 = Debug|Any CPU
		{F79DE5B6-49A3-42A8-8764-888173D8A77F}.Release|Any CPU.ActiveCfg = Release|Any CPU
		{F79DE5B6-49A3-42A8-8764-888173D8A77F}.Release|Any CPU.Build.0 = Release|Any CPU
	EndGlobalSection
	GlobalSection(SolutionProperties) = preSolution
		HideSolutionNode = FALSE
	EndGlobalSection
	GlobalSection(ExtensibilityGlobals) = postSolution
		SolutionGuid = {A6434938-504E-49CC-B312-7AF45D2516BB}
	EndGlobalSection
EndGlobal
